
Microsoft Visual Studio Solution File, Format Version 12.00
# Visual Studio Version 16
VisualStudioVersion = 16.0.30523.141
MinimumVisualStudioVersion = 10.0.40219.1
Project("{FAE04EC0-301F-11D3-BF4B-00C04F79EFBC}") = "CouponWithOCP", "CouponWithOCP\CouponWithOCP.csproj", "{A2B2016D-07A5-4746-97E9-777BBBA2F05C}"
EndProject
Global
	GlobalSection(SolutionConfigurationPlatforms) = preSolution
		Debug|Any CPU = Debug|Any CPU
		Release|Any CPU = Release|Any CPU
	EndGlobalSection
	GlobalSection(ProjectConfigurationPlatforms) = postSolution
		{A2B2016D-07A5-4746-97E9-777BBBA2F05C}.Debug|Any CPU.ActiveCfg = Debug|Any CPU
		{A2B2016D-07A5-4746-97E9-777BBBA2F05C}.Debug|Any CPU.Build.0 = Debug|Any CPU
		{A2B2016D-07A5-4746-97E9-777BBBA2F05C}.Release|Any CPU.ActiveCfg = Release|Any CPU
		{A2B2016D-07A5-4746-97E9-777BBBA2F05C}.Release|Any CPU.Build.0 = Release|Any CPU
	EndGlobalSection
	GlobalSection(SolutionProperties) = preSolution
		HideSolutionNode = FALSE
	EndGlobalSection
	GlobalSection(ExtensibilityGlobals) = postSolution
		SolutionGuid = {CA114FA8-4A75-4A9E-B439-C85B487200E3}
	EndGlobalSection
EndGlobal
